
Microsoft Visual Studio Solution File, Format Version 12.00
# Visual Studio Version 17
VisualStudioVersion = 17.11.35431.28
MinimumVisualStudioVersion = 10.0.40219.1
Project("{9A19103F-16F7-4668-BE54-9A1E7A4F7556}") = "Vpns.Cqrs.Infrastructure", "Vpns.Cqrs.Infrastructure\Vpns.Cqrs.Infrastructure.csproj", "{DAFAC92B-6D59-463F-A65E-F5CB374CEF00}"
EndProject
Project("{FAE04EC0-301F-11D3-BF4B-00C04F79EFBC}") = "Vpns.Cqrs.Domain", "Vpns.Cqrs.Domain\Vpns.Cqrs.Domain.csproj", "{782EA222-5830-473E-8233-1C883C37EBF3}"
EndProject
Project("{FAE04EC0-301F-11D3-BF4B-00C04F79EFBC}") = "Vpns.Cqrs.UnitTests", "Vpns.Cqrs.UnitTests\Vpns.Cqrs.UnitTests.csproj", "{1E047113-50B7-4F0C-A930-3ECD20174171}"
EndProject
Project("{FAE04EC0-301F-11D3-BF4B-00C04F79EFBC}") = "Vpns.Cqrs.CosmosClient", "Vpns.Cqrs.CosmosClient\Vpns.Cqrs.CosmosClient.csproj", "{B8DEC1B9-927C-4991-8FB1-2FC20B0FE0D0}"
EndProject
Global
	GlobalSection(SolutionConfigurationPlatforms) = preSolution
		Debug|Any CPU = Debug|Any CPU
		Release|Any CPU = Release|Any CPU
	EndGlobalSection
	GlobalSection(ProjectConfigurationPlatforms) = postSolution
		{DAFAC92B-6D59-463F-A65E-F5CB374CEF00}.Debug|Any CPU.ActiveCfg = Debug|Any CPU
		{DAFAC92B-6D59-463F-A65E-F5CB374CEF00}.Debug|Any CPU.Build.0 = Debug|Any CPU
		{DAFAC92B-6D59-463F-A65E-F5CB374CEF00}.Release|Any CPU.ActiveCfg = Release|Any CPU
		{DAFAC92B-6D59-463F-A65E-F5CB374CEF00}.Release|Any CPU.Build.0 = Release|Any CPU
		{782EA222-5830-473E-8233-1C883C37EBF3}.Debug|Any CPU.ActiveCfg = Debug|Any CPU
		{782EA222-5830-473E-8233-1C883C37EBF3}.Debug|Any CPU.Build.0 = Debug|Any CPU
		{782EA222-5830-473E-8233-1C883C37EBF3}.Release|Any CPU.ActiveCfg = Release|Any CPU
		{782EA222-5830-473E-8233-1C883C37EBF3}.Release|Any CPU.Build.0 = Release|Any CPU
		{1E047113-50B7-4F0C-A930-3ECD20174171}.Debug|Any CPU.ActiveCfg = Debug|Any CPU
		{1E047113-50B7-4F0C-A930-3ECD20174171}.Debug|Any CPU.Build.0 = Debug|Any CPU
		{1E047113-50B7-4F0C-A930-3ECD20174171}.Release|Any CPU.ActiveCfg = Release|Any CPU
		{1E047113-50B7-4F0C-A930-3ECD20174171}.Release|Any CPU.Build.0 = Release|Any CPU
		{B8DEC1B9-927C-4991-8FB1-2FC20B0FE0D0}.Debug|Any CPU.ActiveCfg = Debug|Any CPU
		{B8DEC1B9-927C-4991-8FB1-2FC20B0FE0D0}.Debug|Any CPU.Build.0 = Debug|Any CPU
		{B8DEC1B9-927C-4991-8FB1-2FC20B0FE0D0}.Release|Any CPU.ActiveCfg = Release|Any CPU
		{B8DEC1B9-927C-4991-8FB1-2FC20B0FE0D0}.Release|Any CPU.Build.0 = Release|Any CPU
	EndGlobalSection
	GlobalSection(SolutionProperties) = preSolution
		HideSolutionNode = FALSE
	EndGlobalSection
	GlobalSection(ExtensibilityGlobals) = postSolution
		SolutionGuid = {F898DDE7-BF16-47A8-BD34-639934584B74}
	EndGlobalSection
EndGlobal
